// !$*UTF8*$!
{
	archiveVersion = 1;
	classes = {
	};
	objectVersion = 55;
	objects = {

/* Begin PBXBuildFile section */
		254F46992799C3AD006DE402 /* RemindersAppApp.swift in Sources */ = {isa = PBXBuildFile; fileRef = 254F46892799C3A6006DE402 /* RemindersAppApp.swift */; };
		254F469A2799C3AD006DE402 /* RemindersAppApp.swift in Sources */ = {isa = PBXBuildFile; fileRef = 254F46892799C3A6006DE402 /* RemindersAppApp.swift */; };
		254F469B2799C3AD006DE402 /* ContentView.swift in Sources */ = {isa = PBXBuildFile; fileRef = 254F468A2799C3A6006DE402 /* ContentView.swift */; };
		254F469C2799C3AD006DE402 /* ContentView.swift in Sources */ = {isa = PBXBuildFile; fileRef = 254F468A2799C3A6006DE402 /* ContentView.swift */; };
		254F469D2799C3AD006DE402 /* Assets.xcassets in Resources */ = {isa = PBXBuildFile; fileRef = 254F468B2799C3AD006DE402 /* Assets.xcassets */; };
		254F469E2799C3AD006DE402 /* Assets.xcassets in Resources */ = {isa = PBXBuildFile; fileRef = 254F468B2799C3AD006DE402 /* Assets.xcassets */; };
		254F46AA2799C483006DE402 /* Task.swift in Sources */ = {isa = PBXBuildFile; fileRef = 254F46A92799C483006DE402 /* Task.swift */; };
		254F46AC2799C4E5006DE402 /* TaskPriority.swift in Sources */ = {isa = PBXBuildFile; fileRef = 254F46AB2799C4E5006DE402 /* TaskPriority.swift */; };
		254F46AE2799C523006DE402 /* TaskStore.swift in Sources */ = {isa = PBXBuildFile; fileRef = 254F46AD2799C523006DE402 /* TaskStore.swift */; };
		254F46AF2799C85B006DE402 /* Task.swift in Sources */ = {isa = PBXBuildFile; fileRef = 254F46A92799C483006DE402 /* Task.swift */; };
		254F46B02799C85E006DE402 /* TaskPriority.swift in Sources */ = {isa = PBXBuildFile; fileRef = 254F46AB2799C4E5006DE402 /* TaskPriority.swift */; };
		254F46B12799C861006DE402 /* TaskStore.swift in Sources */ = {isa = PBXBuildFile; fileRef = 254F46AD2799C523006DE402 /* TaskStore.swift */; };
		254F46B32799CCF7006DE402 /* TaskCell.swift in Sources */ = {isa = PBXBuildFile; fileRef = 254F46B22799CCF7006DE402 /* TaskCell.swift */; };
		254F46B52799D008006DE402 /* AddTask.swift in Sources */ = {isa = PBXBuildFile; fileRef = 254F46B42799D008006DE402 /* AddTask.swift */; };
/* End PBXBuildFile section */

/* Begin PBXFileReference section */
		254F46892799C3A6006DE402 /* RemindersAppApp.swift */ = {isa = PBXFileReference; lastKnownFileType = sourcecode.swift; path = RemindersAppApp.swift; sourceTree = "<group>"; };
		254F468A2799C3A6006DE402 /* ContentView.swift */ = {isa = PBXFileReference; lastKnownFileType = sourcecode.swift; path = ContentView.swift; sourceTree = "<group>"; };
		254F468B2799C3AD006DE402 /* Assets.xcassets */ = {isa = PBXFileReference; lastKnownFileType = folder.assetcatalog; path = Assets.xcassets; sourceTree = "<group>"; };
		254F46902799C3AD006DE402 /* RemindersApp.app */ = {isa = PBXFileReference; explicitFileType = wrapper.application; includeInIndex = 0; path = RemindersApp.app; sourceTree = BUILT_PRODUCTS_DIR; };
		254F46962799C3AD006DE402 /* RemindersApp.app */ = {isa = PBXFileReference; explicitFileType = wrapper.application; includeInIndex = 0; path = RemindersApp.app; sourceTree = BUILT_PRODUCTS_DIR; };
		254F46982799C3AD006DE402 /* macOS.entitlements */ = {isa = PBXFileReference; lastKnownFileType = text.plist.entitlements; path = macOS.entitlements; sourceTree = "<group>"; };
		254F46A92799C483006DE402 /* Task.swift */ = {isa = PBXFileReference; lastKnownFileType = sourcecode.swift; path = Task.swift; sourceTree = "<group>"; };
		254F46AB2799C4E5006DE402 /* TaskPriority.swift */ = {isa = PBXFileReference; lastKnownFileType = sourcecode.swift; path = TaskPriority.swift; sourceTree = "<group>"; };
		254F46AD2799C523006DE402 /* TaskStore.swift */ = {isa = PBXFileReference; lastKnownFileType = sourcecode.swift; path = TaskStore.swift; sourceTree = "<group>"; };
		254F46B22799CCF7006DE402 /* TaskCell.swift */ = {isa = PBXFileReference; lastKnownFileType = sourcecode.swift; path = TaskCell.swift; sourceTree = "<group>"; };
		254F46B42799D008006DE402 /* AddTask.swift */ = {isa = PBXFileReference; lastKnownFileType = sourcecode.swift; path = AddTask.swift; sourceTree = "<group>"; };
/* End PBXFileReference section */

/* Begin PBXFrameworksBuildPhase section */
		254F468D2799C3AD006DE402 /* Frameworks */ = {
			isa = PBXFrameworksBuildPhase;
			buildActionMask = 2147483647;
			files = (
			);
			runOnlyForDeploymentPostprocessing = 0;
		};
		254F46932799C3AD006DE402 /* Frameworks */ = {
			isa = PBXFrameworksBuildPhase;
			buildActionMask = 2147483647;
			files = (
			);
			runOnlyForDeploymentPostprocessing = 0;
		};
/* End PBXFrameworksBuildPhase section */

/* Begin PBXGroup section */
		254F46832799C3A5006DE402 = {
			isa = PBXGroup;
			children = (
				254F46892799C3A6006DE402 /* RemindersAppApp.swift */,
				254F46882799C3A6006DE402 /* Shared */,
				254F46972799C3AD006DE402 /* macOS */,
				254F46912799C3AD006DE402 /* Products */,
			);
			sourceTree = "<group>";
		};
		254F46882799C3A6006DE402 /* Shared */ = {
			isa = PBXGroup;
			children = (
				254F46A82799C409006DE402 /* Model */,
				254F46A72799C402006DE402 /* Views */,
				254F468B2799C3AD006DE402 /* Assets.xcassets */,
			);
			path = Shared;
			sourceTree = "<group>";
		};
		254F46912799C3AD006DE402 /* Products */ = {
			isa = PBXGroup;
			children = (
				254F46902799C3AD006DE402 /* RemindersApp.app */,
				254F46962799C3AD006DE402 /* RemindersApp.app */,
			);
			name = Products;
			sourceTree = "<group>";
		};
		254F46972799C3AD006DE402 /* macOS */ = {
			isa = PBXGroup;
			children = (
				254F46982799C3AD006DE402 /* macOS.entitlements */,
			);
			path = macOS;
			sourceTree = "<group>";
		};
		254F46A72799C402006DE402 /* Views */ = {
			isa = PBXGroup;
			children = (
				254F468A2799C3A6006DE402 /* ContentView.swift */,
				254F46B22799CCF7006DE402 /* TaskCell.swift */,
				254F46B42799D008006DE402 /* AddTask.swift */,
			);
			path = Views;
			sourceTree = "<group>";
		};
		254F46A82799C409006DE402 /* Model */ = {
			isa = PBXGroup;
			children = (
				254F46A92799C483006DE402 /* Task.swift */,
				254F46AB2799C4E5006DE402 /* TaskPriority.swift */,
				254F46AD2799C523006DE402 /* TaskStore.swift */,
			);
			path = Model;
			sourceTree = "<group>";
		};
/* End PBXGroup section */

/* Begin PBXNativeTarget section */
		254F468F2799C3AD006DE402 /* RemindersApp (iOS) */ = {
			isa = PBXNativeTarget;
			buildConfigurationList = 254F46A12799C3AD006DE402 /* Build configuration list for PBXNativeTarget "RemindersApp (iOS)" */;
			buildPhases = (
				254F468C2799C3AD006DE402 /* Sources */,
				254F468D2799C3AD006DE402 /* Frameworks */,
				254F468E2799C3AD006DE402 /* Resources */,
			);
			buildRules = (
			);
			dependencies = (
			);
			name = "RemindersApp (iOS)";
			productName = "RemindersApp (iOS)";
			productReference = 254F46902799C3AD006DE402 /* RemindersApp.app */;
			productType = "com.apple.product-type.application";
		};
		254F46952799C3AD006DE402 /* RemindersApp (macOS) */ = {
			isa = PBXNativeTarget;
			buildConfigurationList = 254F46A42799C3AD006DE402 /* Build configuration list for PBXNativeTarget "RemindersApp (macOS)" */;
			buildPhases = (
				254F46922799C3AD006DE402 /* Sources */,
				254F46932799C3AD006DE402 /* Frameworks */,
				254F46942799C3AD006DE402 /* Resources */,
			);
			buildRules = (
			);
			dependencies = (
			);
			name = "RemindersApp (macOS)";
			productName = "RemindersApp (macOS)";
			productReference = 254F46962799C3AD006DE402 /* RemindersApp.app */;
			productType = "com.apple.product-type.application";
		};
/* End PBXNativeTarget section */

/* Begin PBXProject section */
		254F46842799C3A5006DE402 /* Project object */ = {
			isa = PBXProject;
			attributes = {
				BuildIndependentTargetsInParallel = 1;
				LastSwiftUpdateCheck = 1320;
				LastUpgradeCheck = 1320;
				TargetAttributes = {
					254F468F2799C3AD006DE402 = {
						CreatedOnToolsVersion = 13.2.1;
					};
					254F46952799C3AD006DE402 = {
						CreatedOnToolsVersion = 13.2.1;
					};
				};
			};
			buildConfigurationList = 254F46872799C3A5006DE402 /* Build configuration list for PBXProject "RemindersApp" */;
			compatibilityVersion = "Xcode 13.0";
			developmentRegion = en;
			hasScannedForEncodings = 0;
			knownRegions = (
				en,
				Base,
			);
			mainGroup = 254F46832799C3A5006DE402;
			productRefGroup = 254F46912799C3AD006DE402 /* Products */;
			projectDirPath = "";
			projectRoot = "";
			targets = (
				254F468F2799C3AD006DE402 /* RemindersApp (iOS) */,
				254F46952799C3AD006DE402 /* RemindersApp (macOS) */,
			);
		};
/* End PBXProject section */

/* Begin PBXResourcesBuildPhase section */
		254F468E2799C3AD006DE402 /* Resources */ = {
			isa = PBXResourcesBuildPhase;
			buildActionMask = 2147483647;
			files = (
				254F469D2799C3AD006DE402 /* Assets.xcassets in Resources */,
			);
			runOnlyForDeploymentPostprocessing = 0;
		};
		254F46942799C3AD006DE402 /* Resources */ = {
			isa = PBXResourcesBuildPhase;
			buildActionMask = 2147483647;
			files = (
				254F469E2799C3AD006DE402 /* Assets.xcassets in Resources */,
			);
			runOnlyForDeploymentPostprocessing = 0;
		};
/* End PBXResourcesBuildPhase section */

/* Begin PBXSourcesBuildPhase section */
		254F468C2799C3AD006DE402 /* Sources */ = {
			isa = PBXSourcesBuildPhase;
			buildActionMask = 2147483647;
			files = (
				254F46AE2799C523006DE402 /* TaskStore.swift in Sources */,
				254F469B2799C3AD006DE402 /* ContentView.swift in Sources */,
				254F46AA2799C483006DE402 /* Task.swift in Sources */,
				254F46AC2799C4E5006DE402 /* TaskPriority.swift in Sources */,
				254F46B32799CCF7006DE402 /* TaskCell.swift in Sources */,
				254F46B52799D008006DE402 /* AddTask.swift in Sources */,
				254F46992799C3AD006DE402 /* RemindersAppApp.swift in Sources */,
			);
			runOnlyForDeploymentPostprocessing = 0;
		};
		254F46922799C3AD006DE402 /* Sources */ = {
			isa = PBXSourcesBuildPhase;
			buildActionMask = 2147483647;
			files = (
				254F46B12799C861006DE402 /* TaskStore.swift in Sources */,
				254F469C2799C3AD006DE402 /* ContentView.swift in Sources */,
				254F46AF2799C85B006DE402 /* Task.swift in Sources */,
				254F46B02799C85E006DE402 /* TaskPriority.swift in Sources */,
				254F469A2799C3AD006DE402 /* RemindersAppApp.swift in Sources */,
			);
			runOnlyForDeploymentPostprocessing = 0;
		};
/* End PBXSourcesBuildPhase section */

/* Begin XCBuildConfiguration section */
		254F469F2799C3AD006DE402 /* Debug */ = {
			isa = XCBuildConfiguration;
			buildSettings = {
				ALWAYS_SEARCH_USER_PATHS = NO;
				CLANG_ANALYZER_NONNULL = YES;
				CLANG_ANALYZER_NUMBER_OBJECT_CONVERSION = YES_AGGRESSIVE;
				CLANG_CXX_LANGUAGE_STANDARD = "gnu++17";
				CLANG_CXX_LIBRARY = "libc++";
				CLANG_ENABLE_MODULES = YES;
				CLANG_ENABLE_OBJC_ARC = YES;
				CLANG_ENABLE_OBJC_WEAK = YES;
				CLANG_WARN_BLOCK_CAPTURE_AUTORELEASING = YES;
				CLANG_WARN_BOOL_CONVERSION = YES;
				CLANG_WARN_COMMA = YES;
				CLANG_WARN_CONSTANT_CONVERSION = YES;
				CLANG_WARN_DEPRECATED_OBJC_IMPLEMENTATIONS = YES;
				CLANG_WARN_DIRECT_OBJC_ISA_USAGE = YES_ERROR;
				CLANG_WARN_DOCUMENTATION_COMMENTS = YES;
				CLANG_WARN_EMPTY_BODY = YES;
				CLANG_WARN_ENUM_CONVERSION = YES;
				CLANG_WARN_INFINITE_RECURSION = YES;
				CLANG_WARN_INT_CONVERSION = YES;
				CLANG_WARN_NON_LITERAL_NULL_CONVERSION = YES;
				CLANG_WARN_OBJC_IMPLICIT_RETAIN_SELF = YES;
				CLANG_WARN_OBJC_LITERAL_CONVERSION = YES;
				CLANG_WARN_OBJC_ROOT_CLASS = YES_ERROR;
				CLANG_WARN_QUOTED_INCLUDE_IN_FRAMEWORK_HEADER = YES;
				CLANG_WARN_RANGE_LOOP_ANALYSIS = YES;
				CLANG_WARN_STRICT_PROTOTYPES = YES;
				CLANG_WARN_SUSPICIOUS_MOVE = YES;
				CLANG_WARN_UNGUARDED_AVAILABILITY = YES_AGGRESSIVE;
				CLANG_WARN_UNREACHABLE_CODE = YES;
				CLANG_WARN__DUPLICATE_METHOD_MATCH = YES;
				COPY_PHASE_STRIP = NO;
				DEBUG_INFORMATION_FORMAT = dwarf;
				ENABLE_STRICT_OBJC_MSGSEND = YES;
				ENABLE_TESTABILITY = YES;
				GCC_C_LANGUAGE_STANDARD = gnu11;
				GCC_DYNAMIC_NO_PIC = NO;
				GCC_NO_COMMON_BLOCKS = YES;
				GCC_OPTIMIZATION_LEVEL = 0;
				GCC_PREPROCESSOR_DEFINITIONS = (
					"DEBUG=1",
					"$(inherited)",
				);
				GCC_WARN_64_TO_32_BIT_CONVERSION = YES;
				GCC_WARN_ABOUT_RETURN_TYPE = YES_ERROR;
				GCC_WARN_UNDECLARED_SELECTOR = YES;
				GCC_WARN_UNINITIALIZED_AUTOS = YES_AGGRESSIVE;
				GCC_WARN_UNUSED_FUNCTION = YES;
				GCC_WARN_UNUSED_VARIABLE = YES;
				MTL_ENABLE_DEBUG_INFO = INCLUDE_SOURCE;
				MTL_FAST_MATH = YES;
				ONLY_ACTIVE_ARCH = YES;
				SWIFT_ACTIVE_COMPILATION_CONDITIONS = DEBUG;
				SWIFT_OPTIMIZATION_LEVEL = "-Onone";
			};
			name = Debug;
		};
		254F46A02799C3AD006DE402 /* Release */ = {
			isa = XCBuildConfiguration;
			buildSettings = {
				ALWAYS_SEARCH_USER_PATHS = NO;
				CLANG_ANALYZER_NONNULL = YES;
				CLANG_ANALYZER_NUMBER_OBJECT_CONVERSION = YES_AGGRESSIVE;
				CLANG_CXX_LANGUAGE_STANDARD = "gnu++17";
				CLANG_CXX_LIBRARY = "libc++";
				CLANG_ENABLE_MODULES = YES;
				CLANG_ENABLE_OBJC_ARC = YES;
				CLANG_ENABLE_OBJC_WEAK = YES;
				CLANG_WARN_BLOCK_CAPTURE_AUTORELEASING = YES;
				CLANG_WARN_BOOL_CONVERSION = YES;
				CLANG_WARN_COMMA = YES;
				CLANG_WARN_CONSTANT_CONVERSION = YES;
				CLANG_WARN_DEPRECATED_OBJC_IMPLEMENTATIONS = YES;
				CLANG_WARN_DIRECT_OBJC_ISA_USAGE = YES_ERROR;
				CLANG_WARN_DOCUMENTATION_COMMENTS = YES;
				CLANG_WARN_EMPTY_BODY = YES;
				CLANG_WARN_ENUM_CONVERSION = YES;
				CLANG_WARN_INFINITE_RECURSION = YES;
				CLANG_WARN_INT_CONVERSION = YES;
				CLANG_WARN_NON_LITERAL_NULL_CONVERSION = YES;
				CLANG_WARN_OBJC_IMPLICIT_RETAIN_SELF = YES;
				CLANG_WARN_OBJC_LITERAL_CONVERSION = YES;
				CLANG_WARN_OBJC_ROOT_CLASS = YES_ERROR;
				CLANG_WARN_QUOTED_INCLUDE_IN_FRAMEWORK_HEADER = YES;
				CLANG_WARN_RANGE_LOOP_ANALYSIS = YES;
				CLANG_WARN_STRICT_PROTOTYPES = YES;
				CLANG_WARN_SUSPICIOUS_MOVE = YES;
				CLANG_WARN_UNGUARDED_AVAILABILITY = YES_AGGRESSIVE;
				CLANG_WARN_UNREACHABLE_CODE = YES;
				CLANG_WARN__DUPLICATE_METHOD_MATCH = YES;
				COPY_PHASE_STRIP = NO;
				DEBUG_INFORMATION_FORMAT = "dwarf-with-dsym";
				ENABLE_NS_ASSERTIONS = NO;
				ENABLE_STRICT_OBJC_MSGSEND = YES;
				GCC_C_LANGUAGE_STANDARD = gnu11;
				GCC_NO_COMMON_BLOCKS = YES;
				GCC_WARN_64_TO_32_BIT_CONVERSION = YES;
				GCC_WARN_ABOUT_RETURN_TYPE = YES_ERROR;
				GCC_WARN_UNDECLARED_SELECTOR = YES;
				GCC_WARN_UNINITIALIZED_AUTOS = YES_AGGRESSIVE;
				GCC_WARN_UNUSED_FUNCTION = YES;
				GCC_WARN_UNUSED_VARIABLE = YES;
				MTL_ENABLE_DEBUG_INFO = NO;
				MTL_FAST_MATH = YES;
				SWIFT_COMPILATION_MODE = wholemodule;
				SWIFT_OPTIMIZATION_LEVEL = "-O";
			};
			name = Release;
		};
		254F46A22799C3AD006DE402 /* Debug */ = {
			isa = XCBuildConfiguration;
			buildSettings = {
				ASSETCATALOG_COMPILER_APPICON_NAME = AppIcon;
				ASSETCATALOG_COMPILER_GLOBAL_ACCENT_COLOR_NAME = AccentColor;
				CODE_SIGN_STYLE = Automatic;
				CURRENT_PROJECT_VERSION = 1;
				DEVELOPMENT_TEAM = W4R3WPMQ2T;
				ENABLE_PREVIEWS = YES;
				GENERATE_INFOPLIST_FILE = YES;
				INFOPLIST_KEY_UIApplicationSceneManifest_Generation = YES;
				INFOPLIST_KEY_UIApplicationSupportsIndirectInputEvents = YES;
				INFOPLIST_KEY_UILaunchScreen_Generation = YES;
				INFOPLIST_KEY_UISupportedInterfaceOrientations_iPad = "UIInterfaceOrientationPortrait UIInterfaceOrientationPortraitUpsideDown UIInterfaceOrientationLandscapeLeft UIInterfaceOrientationLandscapeRight";
				INFOPLIST_KEY_UISupportedInterfaceOrientations_iPhone = "UIInterfaceOrientationPortrait UIInterfaceOrientationLandscapeLeft UIInterfaceOrientationLandscapeRight";
				IPHONEOS_DEPLOYMENT_TARGET = 15.2;
				LD_RUNPATH_SEARCH_PATHS = (
					"$(inherited)",
					"@executable_path/Frameworks",
				);
				MARKETING_VERSION = 1.0;
				PRODUCT_BUNDLE_IDENTIFIER = ca.rowanharrisstoertz.RemindersApp;
				PRODUCT_NAME = RemindersApp;
				SDKROOT = iphoneos;
				SWIFT_EMIT_LOC_STRINGS = YES;
				SWIFT_VERSION = 5.0;
				TARGETED_DEVICE_FAMILY = "1,2";
			};
			name = Debug;
		};
		254F46A32799C3AD006DE402 /* Release */ = {
			isa = XCBuildConfiguration;
			buildSettings = {
				ASSETCATALOG_COMPILER_APPICON_NAME = AppIcon;
				ASSETCATALOG_COMPILER_GLOBAL_ACCENT_COLOR_NAME = AccentColor;
				CODE_SIGN_STYLE = Automatic;
				CURRENT_PROJECT_VERSION = 1;
				DEVELOPMENT_TEAM = W4R3WPMQ2T;
				ENABLE_PREVIEWS = YES;
				GENERATE_INFOPLIST_FILE = YES;
				INFOPLIST_KEY_UIApplicationSceneManifest_Generation = YES;
				INFOPLIST_KEY_UIApplicationSupportsIndirectInputEvents = YES;
				INFOPLIST_KEY_UILaunchScreen_Generation = YES;
				INFOPLIST_KEY_UISupportedInterfaceOrientations_iPad = "UIInterfaceOrientationPortrait UIInterfaceOrientationPortraitUpsideDown UIInterfaceOrientationLandscapeLeft UIInterfaceOrientationLandscapeRight";
				INFOPLIST_KEY_UISupportedInterfaceOrientations_iPhone = "UIInterfaceOrientationPortrait UIInterfaceOrientationLandscapeLeft UIInterfaceOrientationLandscapeRight";
				IPHONEOS_DEPLOYMENT_TARGET = 15.2;
				LD_RUNPATH_SEARCH_PATHS = (
					"$(inherited)",
					"@executable_path/Frameworks",
				);
				MARKETING_VERSION = 1.0;
				PRODUCT_BUNDLE_IDENTIFIER = ca.rowanharrisstoertz.RemindersApp;
				PRODUCT_NAME = RemindersApp;
				SDKROOT = iphoneos;
				SWIFT_EMIT_LOC_STRINGS = YES;
				SWIFT_VERSION = 5.0;
				TARGETED_DEVICE_FAMILY = "1,2";
				VALIDATE_PRODUCT = YES;
			};
			name = Release;
		};
		254F46A52799C3AD006DE402 /* Debug */ = {
			isa = XCBuildConfiguration;
			buildSettings = {
				ASSETCATALOG_COMPILER_APPICON_NAME = AppIcon;
				ASSETCATALOG_COMPILER_GLOBAL_ACCENT_COLOR_NAME = AccentColor;
				CODE_SIGN_ENTITLEMENTS = macOS/macOS.entitlements;
				CODE_SIGN_STYLE = Automatic;
				COMBINE_HIDPI_IMAGES = YES;
				CURRENT_PROJECT_VERSION = 1;
				DEVELOPMENT_TEAM = W4R3WPMQ2T;
				ENABLE_HARDENED_RUNTIME = YES;
				ENABLE_PREVIEWS = YES;
				GENERATE_INFOPLIST_FILE = YES;
				INFOPLIST_KEY_NSHumanReadableCopyright = "";
				LD_RUNPATH_SEARCH_PATHS = (
					"$(inherited)",
					"@executable_path/../Frameworks",
				);
				MACOSX_DEPLOYMENT_TARGET = 11.5;
				MARKETING_VERSION = 1.0;
				PRODUCT_BUNDLE_IDENTIFIER = ca.rowanharrisstoertz.RemindersApp;
				PRODUCT_NAME = RemindersApp;
				SDKROOT = macosx;
				SWIFT_EMIT_LOC_STRINGS = YES;
				SWIFT_VERSION = 5.0;
			};
			name = Debug;
		};
		254F46A62799C3AD006DE402 /* Release */ = {
			isa = XCBuildConfiguration;
			buildSettings = {
				ASSETCATALOG_COMPILER_APPICON_NAME = AppIcon;
				ASSETCATALOG_COMPILER_GLOBAL_ACCENT_COLOR_NAME = AccentColor;
				CODE_SIGN_ENTITLEMENTS = macOS/macOS.entitlements;
				CODE_SIGN_STYLE = Automatic;
				COMBINE_HIDPI_IMAGES = YES;
				CURRENT_PROJECT_VERSION = 1;
				DEVELOPMENT_TEAM = W4R3WPMQ2T;
				ENABLE_HARDENED_RUNTIME = YES;
				ENABLE_PREVIEWS = YES;
				GENERATE_INFOPLIST_FILE = YES;
				INFOPLIST_KEY_NSHumanReadableCopyright = "";
				LD_RUNPATH_SEARCH_PATHS = (
					"$(inherited)",
					"@executable_path/../Frameworks",
				);
				MACOSX_DEPLOYMENT_TARGET = 11.5;
				MARKETING_VERSION = 1.0;
				PRODUCT_BUNDLE_IDENTIFIER = ca.rowanharrisstoertz.RemindersApp;
				PRODUCT_NAME = RemindersApp;
				SDKROOT = macosx;
				SWIFT_EMIT_LOC_STRINGS = YES;
				SWIFT_VERSION = 5.0;
			};
			name = Release;
		};
/* End XCBuildConfiguration section */

/* Begin XCConfigurationList section */
		254F46872799C3A5006DE402 /* Build configuration list for PBXProject "RemindersApp" */ = {
			isa = XCConfigurationList;
			buildConfigurations = (
				254F469F2799C3AD006DE402 /* Debug */,
				254F46A02799C3AD006DE402 /* Release */,
			);
			defaultConfigurationIsVisible = 0;
			defaultConfigurationName = Release;
		};
		254F46A12799C3AD006DE402 /* Build configuration list for PBXNativeTarget "RemindersApp (iOS)" */ = {
			isa = XCConfigurationList;
			buildConfigurations = (
				254F46A22799C3AD006DE402 /* Debug */,
				254F46A32799C3AD006DE402 /* Release */,
			);
			defaultConfigurationIsVisible = 0;
			defaultConfigurationName = Release;
		};
		254F46A42799C3AD006DE402 /* Build configuration list for PBXNativeTarget "RemindersApp (macOS)" */ = {
			isa = XCConfigurationList;
			buildConfigurations = (
				254F46A52799C3AD006DE402 /* Debug */,
				254F46A62799C3AD006DE402 /* Release */,
			);
			defaultConfigurationIsVisible = 0;
			defaultConfigurationName = Release;
		};
/* End XCConfigurationList section */
	};
	rootObject = 254F46842799C3A5006DE402 /* Project object */;
}
